
Microsoft Visual Studio Solution File, Format Version 12.00
# Visual Studio Version 17
VisualStudioVersion = 17.8.34330.188
MinimumVisualStudioVersion = 10.0.40219.1
Project("{FAE04EC0-301F-11D3-BF4B-00C04F79EFBC}") = "TransportRent", "TransportRent\TransportRent.csproj", "{7D45D4AF-C05F-4AAB-96F4-214FC167B3F3}"
EndProject
Global
	GlobalSection(SolutionConfigurationPlatforms) = preSolution
		Debug|Any CPU = Debug|Any CPU
		Release|Any CPU = Release|Any CPU
	EndGlobalSection
	GlobalSection(ProjectConfigurationPlatforms) = postSolution
		{7D45D4AF-C05F-4AAB-96F4-214FC167B3F3}.Debug|Any CPU.ActiveCfg = Debug|Any CPU
		{7D45D4AF-C05F-4AAB-96F4-214FC167B3F3}.Debug|Any CPU.Build.0 = Debug|Any CPU
		{7D45D4AF-C05F-4AAB-96F4-214FC167B3F3}.Release|Any CPU.ActiveCfg = Release|Any CPU
		{7D45D4AF-C05F-4AAB-96F4-214FC167B3F3}.Release|Any CPU.Build.0 = Release|Any CPU
	EndGlobalSection
	GlobalSection(SolutionProperties) = preSolution
		HideSolutionNode = FALSE
	EndGlobalSection
	GlobalSection(ExtensibilityGlobals) = postSolution
		SolutionGuid = {95E1AE81-80A6-4411-B552-84185E2263EC}
	EndGlobalSection
EndGlobal
